
Microsoft Visual Studio Solution File, Format Version 12.00
# Visual Studio Version 16
VisualStudioVersion = 16.0.29403.142
MinimumVisualStudioVersion = 10.0.40219.1
Project("{F184B08F-C81C-45F6-A57F-5ABD9991F28F}") = "Arduino_VB_LCD_VB", "Arduino_VB_LCD_VB\Arduino_VB_LCD_VB.vbproj", "{E3AFD20C-62AE-4256-9E18-54E0370C63B6}"
EndProject
Global
	GlobalSection(SolutionConfigurationPlatforms) = preSolution
		Debug|Any CPU = Debug|Any CPU
		Release|Any CPU = Release|Any CPU
	EndGlobalSection
	GlobalSection(ProjectConfigurationPlatforms) = postSolution
		{E3AFD20C-62AE-4256-9E18-54E0370C63B6}.Debug|Any CPU.ActiveCfg = Debug|Any CPU
		{E3AFD20C-62AE-4256-9E18-54E0370C63B6}.Debug|Any CPU.Build.0 = Debug|Any CPU
		{E3AFD20C-62AE-4256-9E18-54E0370C63B6}.Release|Any CPU.ActiveCfg = Release|Any CPU
		{E3AFD20C-62AE-4256-9E18-54E0370C63B6}.Release|Any CPU.Build.0 = Release|Any CPU
	EndGlobalSection
	GlobalSection(SolutionProperties) = preSolution
		HideSolutionNode = FALSE
	EndGlobalSection
	GlobalSection(ExtensibilityGlobals) = postSolution
		SolutionGuid = {06A0BCB4-5983-4ACA-9B09-62C5B4DE4033}
	EndGlobalSection
EndGlobal
